
Microsoft Visual Studio Solution File, Format Version 12.00
# Visual Studio Version 17
VisualStudioVersion = 17.14.36414.22 d17.14
MinimumVisualStudioVersion = 10.0.40219.1
Project("{FAE04EC0-301F-11D3-BF4B-00C04F79EFBC}") = "Task 9.2 (Text Report Generator)", "Task 9.2 (Text Report Generator)\Task 9.2 (Text Report Generator).csproj", "{1C643597-3110-4FEF-B3D6-586A5D0942D3}"
EndProject
Global
	GlobalSection(SolutionConfigurationPlatforms) = preSolution
		Debug|Any CPU = Debug|Any CPU
		Release|Any CPU = Release|Any CPU
	EndGlobalSection
	GlobalSection(ProjectConfigurationPlatforms) = postSolution
		{1C643597-3110-4FEF-B3D6-586A5D0942D3}.Debug|Any CPU.ActiveCfg = Debug|Any CPU
		{1C643597-3110-4FEF-B3D6-586A5D0942D3}.Debug|Any CPU.Build.0 = Debug|Any CPU
		{1C643597-3110-4FEF-B3D6-586A5D0942D3}.Release|Any CPU.ActiveCfg = Release|Any CPU
		{1C643597-3110-4FEF-B3D6-586A5D0942D3}.Release|Any CPU.Build.0 = Release|Any CPU
	EndGlobalSection
	GlobalSection(SolutionProperties) = preSolution
		HideSolutionNode = FALSE
	EndGlobalSection
	GlobalSection(ExtensibilityGlobals) = postSolution
		SolutionGuid = {88F500C4-B915-4E32-9568-0D677C9D30AC}
	EndGlobalSection
EndGlobal
