
Microsoft Visual Studio Solution File, Format Version 12.00
# Visual Studio Version 17
VisualStudioVersion = 17.14.36414.22 d17.14
MinimumVisualStudioVersion = 10.0.40219.1
Project("{FAE04EC0-301F-11D3-BF4B-00C04F79EFBC}") = "Task 9.1 (Check First and Last name)", "Task 9.1 (Check First and Last name)\Task 9.1 (Check First and Last name).csproj", "{111505DC-6FF9-4310-ABE3-989693E89C1D}"
EndProject
Global
	GlobalSection(SolutionConfigurationPlatforms) = preSolution
		Debug|Any CPU = Debug|Any CPU
		Release|Any CPU = Release|Any CPU
	EndGlobalSection
	GlobalSection(ProjectConfigurationPlatforms) = postSolution
		{111505DC-6FF9-4310-ABE3-989693E89C1D}.Debug|Any CPU.ActiveCfg = Debug|Any CPU
		{111505DC-6FF9-4310-ABE3-989693E89C1D}.Debug|Any CPU.Build.0 = Debug|Any CPU
		{111505DC-6FF9-4310-ABE3-989693E89C1D}.Release|Any CPU.ActiveCfg = Release|Any CPU
		{111505DC-6FF9-4310-ABE3-989693E89C1D}.Release|Any CPU.Build.0 = Release|Any CPU
	EndGlobalSection
	GlobalSection(SolutionProperties) = preSolution
		HideSolutionNode = FALSE
	EndGlobalSection
	GlobalSection(ExtensibilityGlobals) = postSolution
		SolutionGuid = {E6212C45-1657-47A0-B0B9-0E07C8E12686}
	EndGlobalSection
EndGlobal
