
Microsoft Visual Studio Solution File, Format Version 12.00
# Visual Studio Version 17
VisualStudioVersion = 17.14.36414.22 d17.14
MinimumVisualStudioVersion = 10.0.40219.1
Project("{FAE04EC0-301F-11D3-BF4B-00C04F79EFBC}") = "Task 5.6 (Checking User Password Machine)", "Task 5.6 (Checking User Password Machine)\Task 5.6 (Checking User Password Machine).csproj", "{8C6CDB33-28AB-4EEF-BB31-1EF92967D4A0}"
EndProject
Global
	GlobalSection(SolutionConfigurationPlatforms) = preSolution
		Debug|Any CPU = Debug|Any CPU
		Release|Any CPU = Release|Any CPU
	EndGlobalSection
	GlobalSection(ProjectConfigurationPlatforms) = postSolution
		{8C6CDB33-28AB-4EEF-BB31-1EF92967D4A0}.Debug|Any CPU.ActiveCfg = Debug|Any CPU
		{8C6CDB33-28AB-4EEF-BB31-1EF92967D4A0}.Debug|Any CPU.Build.0 = Debug|Any CPU
		{8C6CDB33-28AB-4EEF-BB31-1EF92967D4A0}.Release|Any CPU.ActiveCfg = Release|Any CPU
		{8C6CDB33-28AB-4EEF-BB31-1EF92967D4A0}.Release|Any CPU.Build.0 = Release|Any CPU
	EndGlobalSection
	GlobalSection(SolutionProperties) = preSolution
		HideSolutionNode = FALSE
	EndGlobalSection
	GlobalSection(ExtensibilityGlobals) = postSolution
		SolutionGuid = {04ECE472-2E3F-4992-80EB-F0B7DCE8D5E1}
	EndGlobalSection
EndGlobal
