
Microsoft Visual Studio Solution File, Format Version 12.00
# Visual Studio Version 17
VisualStudioVersion = 17.14.36414.22 d17.14
MinimumVisualStudioVersion = 10.0.40219.1
Project("{FAE04EC0-301F-11D3-BF4B-00C04F79EFBC}") = "DaysOfTheWeekChooser_4.2", "DaysOfTheWeekChooser_4.2\DaysOfTheWeekChooser_4.2.csproj", "{FB6AF58B-7677-4229-B66A-4BE3F0527055}"
EndProject
Global
	GlobalSection(SolutionConfigurationPlatforms) = preSolution
		Debug|Any CPU = Debug|Any CPU
		Release|Any CPU = Release|Any CPU
	EndGlobalSection
	GlobalSection(ProjectConfigurationPlatforms) = postSolution
		{FB6AF58B-7677-4229-B66A-4BE3F0527055}.Debug|Any CPU.ActiveCfg = Debug|Any CPU
		{FB6AF58B-7677-4229-B66A-4BE3F0527055}.Debug|Any CPU.Build.0 = Debug|Any CPU
		{FB6AF58B-7677-4229-B66A-4BE3F0527055}.Release|Any CPU.ActiveCfg = Release|Any CPU
		{FB6AF58B-7677-4229-B66A-4BE3F0527055}.Release|Any CPU.Build.0 = Release|Any CPU
	EndGlobalSection
	GlobalSection(SolutionProperties) = preSolution
		HideSolutionNode = FALSE
	EndGlobalSection
	GlobalSection(ExtensibilityGlobals) = postSolution
		SolutionGuid = {CBA141FF-4CC1-4BDE-A369-DB87FD8EC91F}
	EndGlobalSection
EndGlobal
