
Microsoft Visual Studio Solution File, Format Version 12.00
# Visual Studio Version 17
VisualStudioVersion = 17.14.36414.22 d17.14
MinimumVisualStudioVersion = 10.0.40219.1
Project("{FAE04EC0-301F-11D3-BF4B-00C04F79EFBC}") = "Task 5.7 (Multiplication table)", "Task 5.7 (Multiplication table)\Task 5.7 (Multiplication table).csproj", "{B51BC183-42DD-4714-9111-3057BDB5C76B}"
EndProject
Global
	GlobalSection(SolutionConfigurationPlatforms) = preSolution
		Debug|Any CPU = Debug|Any CPU
		Release|Any CPU = Release|Any CPU
	EndGlobalSection
	GlobalSection(ProjectConfigurationPlatforms) = postSolution
		{B51BC183-42DD-4714-9111-3057BDB5C76B}.Debug|Any CPU.ActiveCfg = Debug|Any CPU
		{B51BC183-42DD-4714-9111-3057BDB5C76B}.Debug|Any CPU.Build.0 = Debug|Any CPU
		{B51BC183-42DD-4714-9111-3057BDB5C76B}.Release|Any CPU.ActiveCfg = Release|Any CPU
		{B51BC183-42DD-4714-9111-3057BDB5C76B}.Release|Any CPU.Build.0 = Release|Any CPU
	EndGlobalSection
	GlobalSection(SolutionProperties) = preSolution
		HideSolutionNode = FALSE
	EndGlobalSection
	GlobalSection(ExtensibilityGlobals) = postSolution
		SolutionGuid = {1644E284-46DA-44E5-9B1A-4742D08FD777}
	EndGlobalSection
EndGlobal
